
Microsoft Visual Studio Solution File, Format Version 12.00
# Visual Studio Version 17
VisualStudioVersion = 17.4.33103.184
MinimumVisualStudioVersion = 10.0.40219.1
Project("{FAE04EC0-301F-11D3-BF4B-00C04F79EFBC}") = "Diplom", "Diplom\Diplom.csproj", "{A7E8C3D5-ABD6-4EEB-A295-B9C192077869}"
EndProject
Global
	GlobalSection(SolutionConfigurationPlatforms) = preSolution
		Debug|Any CPU = Debug|Any CPU
		Release|Any CPU = Release|Any CPU
	EndGlobalSection
	GlobalSection(ProjectConfigurationPlatforms) = postSolution
		{A7E8C3D5-ABD6-4EEB-A295-B9C192077869}.Debug|Any CPU.ActiveCfg = Debug|Any CPU
		{A7E8C3D5-ABD6-4EEB-A295-B9C192077869}.Debug|Any CPU.Build.0 = Debug|Any CPU
		{A7E8C3D5-ABD6-4EEB-A295-B9C192077869}.Release|Any CPU.ActiveCfg = Release|Any CPU
		{A7E8C3D5-ABD6-4EEB-A295-B9C192077869}.Release|Any CPU.Build.0 = Release|Any CPU
	EndGlobalSection
	GlobalSection(SolutionProperties) = preSolution
		HideSolutionNode = FALSE
	EndGlobalSection
	GlobalSection(ExtensibilityGlobals) = postSolution
		SolutionGuid = {8F838D1E-8CD3-4836-96F3-019C057F8127}
	EndGlobalSection
EndGlobal
